// !$*UTF8*$!
{
	archiveVersion = 1;
	classes = {
	};
	objectVersion = 46;
	objects = {

/* Begin PBXBuildFile section */
		31CE253EBBC1F3DF74F88003 /* RayShaders.metal in Sources */ = {isa = PBXBuildFile; fileRef = 1B2A7304794DAF5A8C29B32F /* RayShaders.metal */; };
		5B8F56AB04A8E89612D15361 /* MetalGameView.swift in Sources */ = {isa = PBXBuildFile; fileRef = 0683388AD637611655481AFC /* MetalGameView.swift */; };
		633F9F184DE04637043D0426 /* MetalRayRenderer.swift in Sources */ = {isa = PBXBuildFile; fileRef = A4FB629684EEC492C4B60AC0 /* MetalRayRenderer.swift */; };
		784ABDE7CD482FFDDA97BD03 /* SceneKit.framework in Frameworks */ = {isa = PBXBuildFile; fileRef = 5C1838F0F337E7FD58D503C3 /* SceneKit.framework */; };
		990313A5B8B0525188C722A6 /* SwiftUI.framework in Frameworks */ = {isa = PBXBuildFile; fileRef = 65AB16C4E2C94296DE110984 /* SwiftUI.framework */; };
		A805B6E30B51FCB0D6CA0510 /* SalonJoystick3DApp.swift in Sources */ = {isa = PBXBuildFile; fileRef = 658EF3613F7DFC480EB5A077 /* SalonJoystick3DApp.swift */; };
		AD9BB495E2BB5B4B3B21C261 /* LocalMultiplayerSession.swift in Sources */ = {isa = PBXBuildFile; fileRef = 7369E4277CFA09AB9F3D0806 /* LocalMultiplayerSession.swift */; };
		E8B2A9C102F3A4B5C6D7E8F9 /* GameCenterManager.swift in Sources */ = {isa = PBXBuildFile; fileRef = E8B2A9C102F3A4B5C6D7E8FA /* GameCenterManager.swift */; };
		E8B2A9C102F3A4B5C6D7E8FC /* GameKit.framework in Frameworks */ = {isa = PBXBuildFile; fileRef = E8B2A9C102F3A4B5C6D7E8FB /* GameKit.framework */; };
		C3FB9AB19EC914A2ACA0D23B /* Foundation.framework in Frameworks */ = {isa = PBXBuildFile; fileRef = 83862DA74FE0B8CA6F9F1B77 /* Foundation.framework */; };
		D5A4842DEAA33B641E422FA9 /* ContentView.swift in Sources */ = {isa = PBXBuildFile; fileRef = F80B8C4723ADB8C2229A9789 /* ContentView.swift */; };
/* End PBXBuildFile section */

/* Begin PBXFileReference section */
		0683388AD637611655481AFC /* MetalGameView.swift */ = {isa = PBXFileReference; includeInIndex = 1; lastKnownFileType = sourcecode.swift; name = MetalGameView.swift; path = Sources/SalonJoystick3D/MetalGameView.swift; sourceTree = "<group>"; };
		1B2A7304794DAF5A8C29B32F /* RayShaders.metal */ = {isa = PBXFileReference; includeInIndex = 1; lastKnownFileType = sourcecode.metal; name = RayShaders.metal; path = Sources/SalonJoystick3D/RayShaders.metal; sourceTree = "<group>"; };
		21CC9D6F6D65EF2332062349 /* SalonJoystick3D.app */ = {isa = PBXFileReference; explicitFileType = wrapper.application; includeInIndex = 0; path = SalonJoystick3D.app; sourceTree = BUILT_PRODUCTS_DIR; };
		5C1838F0F337E7FD58D503C3 /* SceneKit.framework */ = {isa = PBXFileReference; lastKnownFileType = wrapper.framework; name = SceneKit.framework; path = Platforms/iPhoneOS.platform/Developer/SDKs/iPhoneOS26.0.sdk/System/Library/Frameworks/SceneKit.framework; sourceTree = DEVELOPER_DIR; };
		658EF3613F7DFC480EB5A077 /* SalonJoystick3DApp.swift */ = {isa = PBXFileReference; includeInIndex = 1; lastKnownFileType = sourcecode.swift; name = SalonJoystick3DApp.swift; path = Sources/SalonJoystick3D/SalonJoystick3DApp.swift; sourceTree = "<group>"; };
		65AB16C4E2C94296DE110984 /* SwiftUI.framework */ = {isa = PBXFileReference; lastKnownFileType = wrapper.framework; name = SwiftUI.framework; path = Platforms/iPhoneOS.platform/Developer/SDKs/iPhoneOS26.0.sdk/System/Library/Frameworks/SwiftUI.framework; sourceTree = DEVELOPER_DIR; };
		7369E4277CFA09AB9F3D0806 /* LocalMultiplayerSession.swift */ = {isa = PBXFileReference; includeInIndex = 1; lastKnownFileType = sourcecode.swift; name = LocalMultiplayerSession.swift; path = Sources/SalonJoystick3D/LocalMultiplayerSession.swift; sourceTree = "<group>"; };
		83862DA74FE0B8CA6F9F1B77 /* Foundation.framework */ = {isa = PBXFileReference; lastKnownFileType = wrapper.framework; name = Foundation.framework; path = Platforms/iPhoneOS.platform/Developer/SDKs/iPhoneOS26.0.sdk/System/Library/Frameworks/Foundation.framework; sourceTree = DEVELOPER_DIR; };
		A4FB629684EEC492C4B60AC0 /* MetalRayRenderer.swift */ = {isa = PBXFileReference; includeInIndex = 1; lastKnownFileType = sourcecode.swift; name = MetalRayRenderer.swift; path = Sources/SalonJoystick3D/MetalRayRenderer.swift; sourceTree = "<group>"; };
		F80B8C4723ADB8C2229A9789 /* ContentView.swift */ = {isa = PBXFileReference; includeInIndex = 1; lastKnownFileType = sourcecode.swift; name = ContentView.swift; path = Sources/SalonJoystick3D/ContentView.swift; sourceTree = "<group>"; };
		E8B2A9C102F3A4B5C6D7E8FA /* GameCenterManager.swift */ = {isa = PBXFileReference; includeInIndex = 1; lastKnownFileType = sourcecode.swift; name = GameCenterManager.swift; path = Sources/SalonJoystick3D/GameCenterManager.swift; sourceTree = "<group>"; };
		E8B2A9C102F3A4B5C6D7E8FB /* GameKit.framework */ = {isa = PBXFileReference; lastKnownFileType = wrapper.framework; name = GameKit.framework; path = Platforms/iPhoneOS.platform/Developer/SDKs/iPhoneOS26.0.sdk/System/Library/Frameworks/GameKit.framework; sourceTree = DEVELOPER_DIR; };
/* End PBXFileReference section */

/* Begin PBXFrameworksBuildPhase section */
		6A04FEB9816A426D9ACBC346 /* Frameworks */ = {
			isa = PBXFrameworksBuildPhase;
			buildActionMask = 2147483647;
			files = (
				C3FB9AB19EC914A2ACA0D23B /* Foundation.framework in Frameworks */,
				784ABDE7CD482FFDDA97BD03 /* SceneKit.framework in Frameworks */,
				990313A5B8B0525188C722A6 /* SwiftUI.framework in Frameworks */,
				E8B2A9C102F3A4B5C6D7E8FC /* GameKit.framework in Frameworks */,
			);
			runOnlyForDeploymentPostprocessing = 0;
		};
/* End PBXFrameworksBuildPhase section */

/* Begin PBXGroup section */
		4D9605B8EAFA623B54C5C559 /* Sources/SalonJoystick3D */ = {
			isa = PBXGroup;
			children = (
				F80B8C4723ADB8C2229A9789 /* ContentView.swift */,
				E8B2A9C102F3A4B5C6D7E8FA /* GameCenterManager.swift */,
				7369E4277CFA09AB9F3D0806 /* LocalMultiplayerSession.swift */,
				0683388AD637611655481AFC /* MetalGameView.swift */,
				A4FB629684EEC492C4B60AC0 /* MetalRayRenderer.swift */,
				1B2A7304794DAF5A8C29B32F /* RayShaders.metal */,
				658EF3613F7DFC480EB5A077 /* SalonJoystick3DApp.swift */,
			);
			name = Sources/SalonJoystick3D;
			sourceTree = "<group>";
		};
		7087DA9FEBEC21F557885BDE /* Frameworks */ = {
			isa = PBXGroup;
			children = (
				A0D296A2895EBF907B8DE3B7 /* iOS */,
			);
			name = Frameworks;
			sourceTree = "<group>";
		};
		87DBD2F9F83ED6CFDD019ED6 = {
			isa = PBXGroup;
			children = (
				9BA7AA73922D16321F4596B5 /* Products */,
				7087DA9FEBEC21F557885BDE /* Frameworks */,
				4D9605B8EAFA623B54C5C559 /* Sources/SalonJoystick3D */,
			);
			sourceTree = "<group>";
		};
		9BA7AA73922D16321F4596B5 /* Products */ = {
			isa = PBXGroup;
			children = (
				21CC9D6F6D65EF2332062349 /* SalonJoystick3D.app */,
			);
			name = Products;
			sourceTree = "<group>";
		};
		A0D296A2895EBF907B8DE3B7 /* iOS */ = {
			isa = PBXGroup;
			children = (
				83862DA74FE0B8CA6F9F1B77 /* Foundation.framework */,
				5C1838F0F337E7FD58D503C3 /* SceneKit.framework */,
				65AB16C4E2C94296DE110984 /* SwiftUI.framework */,
			);
			name = iOS;
			sourceTree = "<group>";
		};
/* End PBXGroup section */

/* Begin PBXNativeTarget section */
		61E9A8582949254B3DE4FCDE /* SalonJoystick3D */ = {
			isa = PBXNativeTarget;
			buildConfigurationList = 4E956E1FCD259A32172FA131 /* Build configuration list for PBXNativeTarget "SalonJoystick3D" */;
			buildPhases = (
				0FB9A70BBF7A373667811789 /* Sources */,
				6A04FEB9816A426D9ACBC346 /* Frameworks */,
				B539E7084919E06D3F811AAD /* Resources */,
			);
			buildRules = (
			);
			dependencies = (
			);
			name = SalonJoystick3D;
			productName = SalonJoystick3D;
			productReference = 21CC9D6F6D65EF2332062349 /* SalonJoystick3D.app */;
			productType = "com.apple.product-type.application";
		};
/* End PBXNativeTarget section */

/* Begin PBXProject section */
		D771D773BD863991DD1BCE6A /* Project object */ = {
			isa = PBXProject;
			attributes = {
				LastSwiftUpdateCheck = 1600;
				LastUpgradeCheck = 1600;
				TargetAttributes = {
					61E9A8582949254B3DE4FCDE = {
						DevelopmentTeam = PHVD7727SU;
						ProvisioningStyle = Automatic;
					};
				};
			};
			buildConfigurationList = 9824CDE808A84259B27FAE55 /* Build configuration list for PBXProject "SalonJoystick3D" */;
			compatibilityVersion = "Xcode 3.2";
			developmentRegion = en;
			hasScannedForEncodings = 0;
			knownRegions = (
				en,
				Base,
			);
			mainGroup = 87DBD2F9F83ED6CFDD019ED6;
			productRefGroup = 9BA7AA73922D16321F4596B5 /* Products */;
			projectDirPath = "";
			projectRoot = "";
			targets = (
				61E9A8582949254B3DE4FCDE /* SalonJoystick3D */,
			);
		};
/* End PBXProject section */

/* Begin PBXResourcesBuildPhase section */
		B539E7084919E06D3F811AAD /* Resources */ = {
			isa = PBXResourcesBuildPhase;
			buildActionMask = 2147483647;
			files = (
			);
			runOnlyForDeploymentPostprocessing = 0;
		};
/* End PBXResourcesBuildPhase section */

/* Begin PBXSourcesBuildPhase section */
		0FB9A70BBF7A373667811789 /* Sources */ = {
			isa = PBXSourcesBuildPhase;
			buildActionMask = 2147483647;
			files = (
				D5A4842DEAA33B641E422FA9 /* ContentView.swift in Sources */,
				E8B2A9C102F3A4B5C6D7E8F9 /* GameCenterManager.swift in Sources */,
				AD9BB495E2BB5B4B3B21C261 /* LocalMultiplayerSession.swift in Sources */,
				5B8F56AB04A8E89612D15361 /* MetalGameView.swift in Sources */,
				633F9F184DE04637043D0426 /* MetalRayRenderer.swift in Sources */,
				31CE253EBBC1F3DF74F88003 /* RayShaders.metal in Sources */,
				A805B6E30B51FCB0D6CA0510 /* SalonJoystick3DApp.swift in Sources */,
			);
			runOnlyForDeploymentPostprocessing = 0;
		};
/* End PBXSourcesBuildPhase section */

/* Begin XCBuildConfiguration section */
		4A4899AD22E33420E0F0922F /* Release */ = {
			isa = XCBuildConfiguration;
			buildSettings = {
				ALWAYS_SEARCH_USER_PATHS = NO;
				CLANG_ANALYZER_NONNULL = YES;
				CLANG_ANALYZER_NUMBER_OBJECT_CONVERSION = YES_AGGRESSIVE;
				CLANG_CXX_LANGUAGE_STANDARD = "gnu++14";
				CLANG_CXX_LIBRARY = "libc++";
				CLANG_ENABLE_MODULES = YES;
				CLANG_ENABLE_OBJC_ARC = YES;
				CLANG_ENABLE_OBJC_WEAK = YES;
				CLANG_WARN_BLOCK_CAPTURE_AUTORELEASING = YES;
				CLANG_WARN_BOOL_CONVERSION = YES;
				CLANG_WARN_COMMA = YES;
				CLANG_WARN_CONSTANT_CONVERSION = YES;
				CLANG_WARN_DEPRECATED_OBJC_IMPLEMENTATIONS = YES;
				CLANG_WARN_DIRECT_OBJC_ISA_USAGE = YES_ERROR;
				CLANG_WARN_DOCUMENTATION_COMMENTS = YES;
				CLANG_WARN_EMPTY_BODY = YES;
				CLANG_WARN_ENUM_CONVERSION = YES;
				CLANG_WARN_INFINITE_RECURSION = YES;
				CLANG_WARN_INT_CONVERSION = YES;
				CLANG_WARN_NON_LITERAL_NULL_CONVERSION = YES;
				CLANG_WARN_OBJC_IMPLICIT_RETAIN_SELF = YES;
				CLANG_WARN_OBJC_LITERAL_CONVERSION = YES;
				CLANG_WARN_OBJC_ROOT_CLASS = YES_ERROR;
				CLANG_WARN_QUOTED_INCLUDE_IN_FRAMEWORK_HEADER = YES;
				CLANG_WARN_RANGE_LOOP_ANALYSIS = YES;
				CLANG_WARN_STRICT_PROTOTYPES = YES;
				CLANG_WARN_SUSPICIOUS_MOVE = YES;
				CLANG_WARN_UNGUARDED_AVAILABILITY = YES_AGGRESSIVE;
				CLANG_WARN_UNREACHABLE_CODE = YES;
				CLANG_WARN__DUPLICATE_METHOD_MATCH = YES;
				COPY_PHASE_STRIP = NO;
				DEBUG_INFORMATION_FORMAT = "dwarf-with-dsym";
				ENABLE_NS_ASSERTIONS = NO;
				ENABLE_STRICT_OBJC_MSGSEND = YES;
				GCC_C_LANGUAGE_STANDARD = gnu11;
				GCC_NO_COMMON_BLOCKS = YES;
				GCC_WARN_64_TO_32_BIT_CONVERSION = YES;
				GCC_WARN_ABOUT_RETURN_TYPE = YES_ERROR;
				GCC_WARN_UNDECLARED_SELECTOR = YES;
				GCC_WARN_UNINITIALIZED_AUTOS = YES_AGGRESSIVE;
				GCC_WARN_UNUSED_FUNCTION = YES;
				GCC_WARN_UNUSED_VARIABLE = YES;
				MTL_ENABLE_DEBUG_INFO = NO;
				MTL_FAST_MATH = YES;
				PRODUCT_NAME = "$(TARGET_NAME)";
				SWIFT_OPTIMIZATION_LEVEL = "-Owholemodule";
				SWIFT_VERSION = 5.0;
			};
			name = Release;
		};
		701091192A3DD775871A04C4 /* Debug */ = {
			isa = XCBuildConfiguration;
			buildSettings = {
				ASSETCATALOG_COMPILER_APPICON_NAME = AppIcon;
				ASSETCATALOG_COMPILER_GLOBAL_ACCENT_COLOR_NAME = AccentColor;
				CLANG_ENABLE_OBJC_WEAK = NO;
				CODE_SIGN_IDENTITY = "Apple Development";
				CODE_SIGN_STYLE = Automatic;
				DEVELOPMENT_TEAM = PHVD7727SU;
				GENERATE_INFOPLIST_FILE = NO;
				INFOPLIST_FILE = "SalonJoystick3D-Info.plist";
				IPHONEOS_DEPLOYMENT_TARGET = 17.0;
				LD_RUNPATH_SEARCH_PATHS = "$(inherited) @executable_path/Frameworks";
				PRODUCT_BUNDLE_IDENTIFIER = com.estebanavila.RtPruebas;
				SDKROOT = iphoneos;
				SUPPORTED_PLATFORMS = "iphonesimulator iphoneos";
				SWIFT_VERSION = 5.0;
				TARGETED_DEVICE_FAMILY = "1,2";
			};
			name = Debug;
		};
		C7C7AF9A2DFF7A9F4F04D694 /* Release */ = {
			isa = XCBuildConfiguration;
			buildSettings = {
				ASSETCATALOG_COMPILER_APPICON_NAME = AppIcon;
				ASSETCATALOG_COMPILER_GLOBAL_ACCENT_COLOR_NAME = AccentColor;
				CLANG_ENABLE_OBJC_WEAK = NO;
				CODE_SIGN_IDENTITY = "Apple Development";
				CODE_SIGN_STYLE = Automatic;
				DEVELOPMENT_TEAM = 9KM9NF8G7G;
				GENERATE_INFOPLIST_FILE = NO;
				INFOPLIST_FILE = "SalonJoystick3D-Info.plist";
				IPHONEOS_DEPLOYMENT_TARGET = 17.0;
				LD_RUNPATH_SEARCH_PATHS = "$(inherited) @executable_path/Frameworks";
				PRODUCT_BUNDLE_IDENTIFIER = com.estebanavila.RtPruebas;
				SDKROOT = iphoneos;
				SUPPORTED_PLATFORMS = "iphonesimulator iphoneos";
				SWIFT_VERSION = 5.0;
				TARGETED_DEVICE_FAMILY = "1,2";
				VALIDATE_PRODUCT = YES;
			};
			name = Release;
		};
		E9A7FC1134017952A17A5CCE /* Debug */ = {
			isa = XCBuildConfiguration;
			buildSettings = {
				ALWAYS_SEARCH_USER_PATHS = NO;
				CLANG_ANALYZER_NONNULL = YES;
				CLANG_ANALYZER_NUMBER_OBJECT_CONVERSION = YES_AGGRESSIVE;
				CLANG_CXX_LANGUAGE_STANDARD = "gnu++14";
				CLANG_CXX_LIBRARY = "libc++";
				CLANG_ENABLE_MODULES = YES;
				CLANG_ENABLE_OBJC_ARC = YES;
				CLANG_ENABLE_OBJC_WEAK = YES;
				CLANG_WARN_BLOCK_CAPTURE_AUTORELEASING = YES;
				CLANG_WARN_BOOL_CONVERSION = YES;
				CLANG_WARN_COMMA = YES;
				CLANG_WARN_CONSTANT_CONVERSION = YES;
				CLANG_WARN_DEPRECATED_OBJC_IMPLEMENTATIONS = YES;
				CLANG_WARN_DIRECT_OBJC_ISA_USAGE = YES_ERROR;
				CLANG_WARN_DOCUMENTATION_COMMENTS = YES;
				CLANG_WARN_EMPTY_BODY = YES;
				CLANG_WARN_ENUM_CONVERSION = YES;
				CLANG_WARN_INFINITE_RECURSION = YES;
				CLANG_WARN_INT_CONVERSION = YES;
				CLANG_WARN_NON_LITERAL_NULL_CONVERSION = YES;
				CLANG_WARN_OBJC_IMPLICIT_RETAIN_SELF = YES;
				CLANG_WARN_OBJC_LITERAL_CONVERSION = YES;
				CLANG_WARN_OBJC_ROOT_CLASS = YES_ERROR;
				CLANG_WARN_QUOTED_INCLUDE_IN_FRAMEWORK_HEADER = YES;
				CLANG_WARN_RANGE_LOOP_ANALYSIS = YES;
				CLANG_WARN_STRICT_PROTOTYPES = YES;
				CLANG_WARN_SUSPICIOUS_MOVE = YES;
				CLANG_WARN_UNGUARDED_AVAILABILITY = YES_AGGRESSIVE;
				CLANG_WARN_UNREACHABLE_CODE = YES;
				CLANG_WARN__DUPLICATE_METHOD_MATCH = YES;
				COPY_PHASE_STRIP = NO;
				DEBUG_INFORMATION_FORMAT = dwarf;
				ENABLE_STRICT_OBJC_MSGSEND = YES;
				ENABLE_TESTABILITY = YES;
				GCC_C_LANGUAGE_STANDARD = gnu11;
				GCC_DYNAMIC_NO_PIC = NO;
				GCC_NO_COMMON_BLOCKS = YES;
				GCC_OPTIMIZATION_LEVEL = 0;
				GCC_PREPROCESSOR_DEFINITIONS = (
					"DEBUG=1",
					"$(inherited)",
				);
				GCC_WARN_64_TO_32_BIT_CONVERSION = YES;
				GCC_WARN_ABOUT_RETURN_TYPE = YES_ERROR;
				GCC_WARN_UNDECLARED_SELECTOR = YES;
				GCC_WARN_UNINITIALIZED_AUTOS = YES_AGGRESSIVE;
				GCC_WARN_UNUSED_FUNCTION = YES;
				GCC_WARN_UNUSED_VARIABLE = YES;
				MTL_ENABLE_DEBUG_INFO = INCLUDE_SOURCE;
				MTL_FAST_MATH = YES;
				ONLY_ACTIVE_ARCH = YES;
				PRODUCT_NAME = "$(TARGET_NAME)";
				SWIFT_ACTIVE_COMPILATION_CONDITIONS = DEBUG;
				SWIFT_OPTIMIZATION_LEVEL = "-Onone";
				SWIFT_VERSION = 5.0;
			};
			name = Debug;
		};
/* End XCBuildConfiguration section */

/* Begin XCConfigurationList section */
		4E956E1FCD259A32172FA131 /* Build configuration list for PBXNativeTarget "SalonJoystick3D" */ = {
			isa = XCConfigurationList;
			buildConfigurations = (
				C7C7AF9A2DFF7A9F4F04D694 /* Release */,
				701091192A3DD775871A04C4 /* Debug */,
			);
			defaultConfigurationIsVisible = 0;
			defaultConfigurationName = Release;
		};
		9824CDE808A84259B27FAE55 /* Build configuration list for PBXProject "SalonJoystick3D" */ = {
			isa = XCConfigurationList;
			buildConfigurations = (
				E9A7FC1134017952A17A5CCE /* Debug */,
				4A4899AD22E33420E0F0922F /* Release */,
			);
			defaultConfigurationIsVisible = 0;
			defaultConfigurationName = Release;
		};
/* End XCConfigurationList section */
	};
	rootObject = D771D773BD863991DD1BCE6A /* Project object */;
}
